
Microsoft Visual Studio Solution File, Format Version 12.00
# Visual Studio Version 17
VisualStudioVersion = 17.9.34728.123
MinimumVisualStudioVersion = 10.0.40219.1
Project("{FAE04EC0-301F-11D3-BF4B-00C04F79EFBC}") = "BranchLearn", "BranchLearn\BranchLearn.csproj", "{6A982677-91E8-4AF1-99E9-FDC6AEAC78CA}"
EndProject
Global
	GlobalSection(SolutionConfigurationPlatforms) = preSolution
		Debug|Any CPU = Debug|Any CPU
		Release|Any CPU = Release|Any CPU
	EndGlobalSection
	GlobalSection(ProjectConfigurationPlatforms) = postSolution
		{6A982677-91E8-4AF1-99E9-FDC6AEAC78CA}.Debug|Any CPU.ActiveCfg = Debug|Any CPU
		{6A982677-91E8-4AF1-99E9-FDC6AEAC78CA}.Debug|Any CPU.Build.0 = Debug|Any CPU
		{6A982677-91E8-4AF1-99E9-FDC6AEAC78CA}.Release|Any CPU.ActiveCfg = Release|Any CPU
		{6A982677-91E8-4AF1-99E9-FDC6AEAC78CA}.Release|Any CPU.Build.0 = Release|Any CPU
	EndGlobalSection
	GlobalSection(SolutionProperties) = preSolution
		HideSolutionNode = FALSE
	EndGlobalSection
	GlobalSection(ExtensibilityGlobals) = postSolution
		SolutionGuid = {B4563491-F673-44D9-823D-C5128D0394B7}
	EndGlobalSection
EndGlobal
